
Microsoft Visual Studio Solution File, Format Version 12.00
# Visual Studio Version 16
VisualStudioVersion = 16.0.30804.86
MinimumVisualStudioVersion = 10.0.40219.1
Project("{FAE04EC0-301F-11D3-BF4B-00C04F79EFBC}") = "WebApplication5", "WebApplication5\WebApplication5.csproj", "{A54D16F3-5231-4778-9DCC-C914D21D0F98}"
EndProject
Global
	GlobalSection(SolutionConfigurationPlatforms) = preSolution
		Debug|Any CPU = Debug|Any CPU
		Release|Any CPU = Release|Any CPU
	EndGlobalSection
	GlobalSection(ProjectConfigurationPlatforms) = postSolution
		{A54D16F3-5231-4778-9DCC-C914D21D0F98}.Debug|Any CPU.ActiveCfg = Debug|Any CPU
		{A54D16F3-5231-4778-9DCC-C914D21D0F98}.Debug|Any CPU.Build.0 = Debug|Any CPU
		{A54D16F3-5231-4778-9DCC-C914D21D0F98}.Release|Any CPU.ActiveCfg = Release|Any CPU
		{A54D16F3-5231-4778-9DCC-C914D21D0F98}.Release|Any CPU.Build.0 = Release|Any CPU
	EndGlobalSection
	GlobalSection(SolutionProperties) = preSolution
		HideSolutionNode = FALSE
	EndGlobalSection
	GlobalSection(ExtensibilityGlobals) = postSolution
		SolutionGuid = {F2C8640C-E0DD-4BA0-80FE-E3FD8B732217}
	EndGlobalSection
EndGlobal
